// !$*UTF8*$!
{
	archiveVersion = 1;
	classes = {
	};
	objectVersion = 46;
	objects = {

/* Begin PBXBuildFile section */
		3E822DC91AA1E7DD0057DD1E /* AppDelegate.swift in Sources */ = {isa = PBXBuildFile; fileRef = 3E822DC81AA1E7DD0057DD1E /* AppDelegate.swift */; };
		3E822DCB1AA1E7DD0057DD1E /* ViewController.swift in Sources */ = {isa = PBXBuildFile; fileRef = 3E822DCA1AA1E7DD0057DD1E /* ViewController.swift */; };
		3E822DCE1AA1E7DD0057DD1E /* Main.storyboard in Resources */ = {isa = PBXBuildFile; fileRef = 3E822DCC1AA1E7DD0057DD1E /* Main.storyboard */; };
		3E822DD01AA1E7DD0057DD1E /* Images.xcassets in Resources */ = {isa = PBXBuildFile; fileRef = 3E822DCF1AA1E7DD0057DD1E /* Images.xcassets */; };
		3E822DD31AA1E7DD0057DD1E /* LaunchScreen.xib in Resources */ = {isa = PBXBuildFile; fileRef = 3E822DD11AA1E7DD0057DD1E /* LaunchScreen.xib */; };
		3E822DDF1AA1E7DD0057DD1E /* Whats_The_WeatherTests.swift in Sources */ = {isa = PBXBuildFile; fileRef = 3E822DDE1AA1E7DD0057DD1E /* Whats_The_WeatherTests.swift */; };
/* End PBXBuildFile section */

/* Begin PBXContainerItemProxy section */
		3E822DD91AA1E7DD0057DD1E /* PBXContainerItemProxy */ = {
			isa = PBXContainerItemProxy;
			containerPortal = 3E822DBB1AA1E7DD0057DD1E /* Project object */;
			proxyType = 1;
			remoteGlobalIDString = 3E822DC21AA1E7DD0057DD1E;
			remoteInfo = "Whats The Weather";
		};
/* End PBXContainerItemProxy section */

/* Begin PBXFileReference section */
		3E822DC31AA1E7DD0057DD1E /* Whats The Weather.app */ = {isa = PBXFileReference; explicitFileType = wrapper.application; includeInIndex = 0; path = "Whats The Weather.app"; sourceTree = BUILT_PRODUCTS_DIR; };
		3E822DC71AA1E7DD0057DD1E /* Info.plist */ = {isa = PBXFileReference; lastKnownFileType = text.plist.xml; path = Info.plist; sourceTree = "<group>"; };
		3E822DC81AA1E7DD0057DD1E /* AppDelegate.swift */ = {isa = PBXFileReference; lastKnownFileType = sourcecode.swift; path = AppDelegate.swift; sourceTree = "<group>"; };
		3E822DCA1AA1E7DD0057DD1E /* ViewController.swift */ = {isa = PBXFileReference; lastKnownFileType = sourcecode.swift; path = ViewController.swift; sourceTree = "<group>"; };
		3E822DCD1AA1E7DD0057DD1E /* Base */ = {isa = PBXFileReference; lastKnownFileType = file.storyboard; name = Base; path = Base.lproj/Main.storyboard; sourceTree = "<group>"; };
		3E822DCF1AA1E7DD0057DD1E /* Images.xcassets */ = {isa = PBXFileReference; lastKnownFileType = folder.assetcatalog; path = Images.xcassets; sourceTree = "<group>"; };
		3E822DD21AA1E7DD0057DD1E /* Base */ = {isa = PBXFileReference; lastKnownFileType = file.xib; name = Base; path = Base.lproj/LaunchScreen.xib; sourceTree = "<group>"; };
		3E822DD81AA1E7DD0057DD1E /* Whats The WeatherTests.xctest */ = {isa = PBXFileReference; explicitFileType = wrapper.cfbundle; includeInIndex = 0; path = "Whats The WeatherTests.xctest"; sourceTree = BUILT_PRODUCTS_DIR; };
		3E822DDD1AA1E7DD0057DD1E /* Info.plist */ = {isa = PBXFileReference; lastKnownFileType = text.plist.xml; path = Info.plist; sourceTree = "<group>"; };
		3E822DDE1AA1E7DD0057DD1E /* Whats_The_WeatherTests.swift */ = {isa = PBXFileReference; lastKnownFileType = sourcecode.swift; path = Whats_The_WeatherTests.swift; sourceTree = "<group>"; };
/* End PBXFileReference section */

/* Begin PBXFrameworksBuildPhase section */
		3E822DC01AA1E7DD0057DD1E /* Frameworks */ = {
			isa = PBXFrameworksBuildPhase;
			buildActionMask = 2147483647;
			files = (
			);
			runOnlyForDeploymentPostprocessing = 0;
		};
		3E822DD51AA1E7DD0057DD1E /* Frameworks */ = {
			isa = PBXFrameworksBuildPhase;
			buildActionMask = 2147483647;
			files = (
			);
			runOnlyForDeploymentPostprocessing = 0;
		};
/* End PBXFrameworksBuildPhase section */

/* Begin PBXGroup section */
		3E822DBA1AA1E7DD0057DD1E = {
			isa = PBXGroup;
			children = (
				3E822DC51AA1E7DD0057DD1E /* Whats The Weather */,
				3E822DDB1AA1E7DD0057DD1E /* Whats The WeatherTests */,
				3E822DC41AA1E7DD0057DD1E /* Products */,
			);
			sourceTree = "<group>";
		};
		3E822DC41AA1E7DD0057DD1E /* Products */ = {
			isa = PBXGroup;
			children = (
				3E822DC31AA1E7DD0057DD1E /* Whats The Weather.app */,
				3E822DD81AA1E7DD0057DD1E /* Whats The WeatherTests.xctest */,
			);
			name = Products;
			sourceTree = "<group>";
		};
		3E822DC51AA1E7DD0057DD1E /* Whats The Weather */ = {
			isa = PBXGroup;
			children = (
				3E822DC81AA1E7DD0057DD1E /* AppDelegate.swift */,
				3E822DCA1AA1E7DD0057DD1E /* ViewController.swift */,
				3E822DCC1AA1E7DD0057DD1E /* Main.storyboard */,
				3E822DCF1AA1E7DD0057DD1E /* Images.xcassets */,
				3E822DD11AA1E7DD0057DD1E /* LaunchScreen.xib */,
				3E822DC61AA1E7DD0057DD1E /* Supporting Files */,
			);
			path = "Whats The Weather";
			sourceTree = "<group>";
		};
		3E822DC61AA1E7DD0057DD1E /* Supporting Files */ = {
			isa = PBXGroup;
			children = (
				3E822DC71AA1E7DD0057DD1E /* Info.plist */,
			);
			name = "Supporting Files";
			sourceTree = "<group>";
		};
		3E822DDB1AA1E7DD0057DD1E /* Whats The WeatherTests */ = {
			isa = PBXGroup;
			children = (
				3E822DDE1AA1E7DD0057DD1E /* Whats_The_WeatherTests.swift */,
				3E822DDC1AA1E7DD0057DD1E /* Supporting Files */,
			);
			path = "Whats The WeatherTests";
			sourceTree = "<group>";
		};
		3E822DDC1AA1E7DD0057DD1E /* Supporting Files */ = {
			isa = PBXGroup;
			children = (
				3E822DDD1AA1E7DD0057DD1E /* Info.plist */,
			);
			name = "Supporting Files";
			sourceTree = "<group>";
		};
/* End PBXGroup section */

/* Begin PBXNativeTarget section */
		3E822DC21AA1E7DD0057DD1E /* Whats The Weather */ = {
			isa = PBXNativeTarget;
			buildConfigurationList = 3E822DE21AA1E7DD0057DD1E /* Build configuration list for PBXNativeTarget "Whats The Weather" */;
			buildPhases = (
				3E822DBF1AA1E7DD0057DD1E /* Sources */,
				3E822DC01AA1E7DD0057DD1E /* Frameworks */,
				3E822DC11AA1E7DD0057DD1E /* Resources */,
			);
			buildRules = (
			);
			dependencies = (
			);
			name = "Whats The Weather";
			productName = "Whats The Weather";
			productReference = 3E822DC31AA1E7DD0057DD1E /* Whats The Weather.app */;
			productType = "com.apple.product-type.application";
		};
		3E822DD71AA1E7DD0057DD1E /* Whats The WeatherTests */ = {
			isa = PBXNativeTarget;
			buildConfigurationList = 3E822DE51AA1E7DD0057DD1E /* Build configuration list for PBXNativeTarget "Whats The WeatherTests" */;
			buildPhases = (
				3E822DD41AA1E7DD0057DD1E /* Sources */,
				3E822DD51AA1E7DD0057DD1E /* Frameworks */,
				3E822DD61AA1E7DD0057DD1E /* Resources */,
			);
			buildRules = (
			);
			dependencies = (
				3E822DDA1AA1E7DD0057DD1E /* PBXTargetDependency */,
			);
			name = "Whats The WeatherTests";
			productName = "Whats The WeatherTests";
			productReference = 3E822DD81AA1E7DD0057DD1E /* Whats The WeatherTests.xctest */;
			productType = "com.apple.product-type.bundle.unit-test";
		};
/* End PBXNativeTarget section */

/* Begin PBXProject section */
		3E822DBB1AA1E7DD0057DD1E /* Project object */ = {
			isa = PBXProject;
			attributes = {
				LastUpgradeCheck = 0610;
				ORGANIZATIONNAME = "Hello HQ Pte Ltd";
				TargetAttributes = {
					3E822DC21AA1E7DD0057DD1E = {
						CreatedOnToolsVersion = 6.1.1;
					};
					3E822DD71AA1E7DD0057DD1E = {
						CreatedOnToolsVersion = 6.1.1;
						TestTargetID = 3E822DC21AA1E7DD0057DD1E;
					};
				};
			};
			buildConfigurationList = 3E822DBE1AA1E7DD0057DD1E /* Build configuration list for PBXProject "Whats The Weather" */;
			compatibilityVersion = "Xcode 3.2";
			developmentRegion = English;
			hasScannedForEncodings = 0;
			knownRegions = (
				en,
				Base,
			);
			mainGroup = 3E822DBA1AA1E7DD0057DD1E;
			productRefGroup = 3E822DC41AA1E7DD0057DD1E /* Products */;
			projectDirPath = "";
			projectRoot = "";
			targets = (
				3E822DC21AA1E7DD0057DD1E /* Whats The Weather */,
				3E822DD71AA1E7DD0057DD1E /* Whats The WeatherTests */,
			);
		};
/* End PBXProject section */

/* Begin PBXResourcesBuildPhase section */
		3E822DC11AA1E7DD0057DD1E /* Resources */ = {
			isa = PBXResourcesBuildPhase;
			buildActionMask = 2147483647;
			files = (
				3E822DCE1AA1E7DD0057DD1E /* Main.storyboard in Resources */,
				3E822DD31AA1E7DD0057DD1E /* LaunchScreen.xib in Resources */,
				3E822DD01AA1E7DD0057DD1E /* Images.xcassets in Resources */,
			);
			runOnlyForDeploymentPostprocessing = 0;
		};
		3E822DD61AA1E7DD0057DD1E /* Resources */ = {
			isa = PBXResourcesBuildPhase;
			buildActionMask = 2147483647;
			files = (
			);
			runOnlyForDeploymentPostprocessing = 0;
		};
/* End PBXResourcesBuildPhase section */

/* Begin PBXSourcesBuildPhase section */
		3E822DBF1AA1E7DD0057DD1E /* Sources */ = {
			isa = PBXSourcesBuildPhase;
			buildActionMask = 2147483647;
			files = (
				3E822DCB1AA1E7DD0057DD1E /* ViewController.swift in Sources */,
				3E822DC91AA1E7DD0057DD1E /* AppDelegate.swift in Sources */,
			);
			runOnlyForDeploymentPostprocessing = 0;
		};
		3E822DD41AA1E7DD0057DD1E /* Sources */ = {
			isa = PBXSourcesBuildPhase;
			buildActionMask = 2147483647;
			files = (
				3E822DDF1AA1E7DD0057DD1E /* Whats_The_WeatherTests.swift in Sources */,
			);
			runOnlyForDeploymentPostprocessing = 0;
		};
/* End PBXSourcesBuildPhase section */

/* Begin PBXTargetDependency section */
		3E822DDA1AA1E7DD0057DD1E /* PBXTargetDependency */ = {
			isa = PBXTargetDependency;
			target = 3E822DC21AA1E7DD0057DD1E /* Whats The Weather */;
			targetProxy = 3E822DD91AA1E7DD0057DD1E /* PBXContainerItemProxy */;
		};
/* End PBXTargetDependency section */

/* Begin PBXVariantGroup section */
		3E822DCC1AA1E7DD0057DD1E /* Main.storyboard */ = {
			isa = PBXVariantGroup;
			children = (
				3E822DCD1AA1E7DD0057DD1E /* Base */,
			);
			name = Main.storyboard;
			sourceTree = "<group>";
		};
		3E822DD11AA1E7DD0057DD1E /* LaunchScreen.xib */ = {
			isa = PBXVariantGroup;
			children = (
				3E822DD21AA1E7DD0057DD1E /* Base */,
			);
			name = LaunchScreen.xib;
			sourceTree = "<group>";
		};
/* End PBXVariantGroup section */

/* Begin XCBuildConfiguration section */
		3E822DE01AA1E7DD0057DD1E /* Debug */ = {
			isa = XCBuildConfiguration;
			buildSettings = {
				ALWAYS_SEARCH_USER_PATHS = NO;
				CLANG_CXX_LANGUAGE_STANDARD = "gnu++0x";
				CLANG_CXX_LIBRARY = "libc++";
				CLANG_ENABLE_MODULES = YES;
				CLANG_ENABLE_OBJC_ARC = YES;
				CLANG_WARN_BOOL_CONVERSION = YES;
				CLANG_WARN_CONSTANT_CONVERSION = YES;
				CLANG_WARN_DIRECT_OBJC_ISA_USAGE = YES_ERROR;
				CLANG_WARN_EMPTY_BODY = YES;
				CLANG_WARN_ENUM_CONVERSION = YES;
				CLANG_WARN_INT_CONVERSION = YES;
				CLANG_WARN_OBJC_ROOT_CLASS = YES_ERROR;
				CLANG_WARN_UNREACHABLE_CODE = YES;
				CLANG_WARN__DUPLICATE_METHOD_MATCH = YES;
				"CODE_SIGN_IDENTITY[sdk=iphoneos*]" = "iPhone Developer";
				COPY_PHASE_STRIP = NO;
				ENABLE_STRICT_OBJC_MSGSEND = YES;
				GCC_C_LANGUAGE_STANDARD = gnu99;
				GCC_DYNAMIC_NO_PIC = NO;
				GCC_OPTIMIZATION_LEVEL = 0;
				GCC_PREPROCESSOR_DEFINITIONS = (
					"DEBUG=1",
					"$(inherited)",
				);
				GCC_SYMBOLS_PRIVATE_EXTERN = NO;
				GCC_WARN_64_TO_32_BIT_CONVERSION = YES;
				GCC_WARN_ABOUT_RETURN_TYPE = YES_ERROR;
				GCC_WARN_UNDECLARED_SELECTOR = YES;
				GCC_WARN_UNINITIALIZED_AUTOS = YES_AGGRESSIVE;
				GCC_WARN_UNUSED_FUNCTION = YES;
				GCC_WARN_UNUSED_VARIABLE = YES;
				IPHONEOS_DEPLOYMENT_TARGET = 8.1;
				MTL_ENABLE_DEBUG_INFO = YES;
				ONLY_ACTIVE_ARCH = YES;
				SDKROOT = iphoneos;
				SWIFT_OPTIMIZATION_LEVEL = "-Onone";
				TARGETED_DEVICE_FAMILY = "1,2";
			};
			name = Debug;
		};
		3E822DE11AA1E7DD0057DD1E /* Release */ = {
			isa = XCBuildConfiguration;
			buildSettings = {
				ALWAYS_SEARCH_USER_PATHS = NO;
				CLANG_CXX_LANGUAGE_STANDARD = "gnu++0x";
				CLANG_CXX_LIBRARY = "libc++";
				CLANG_ENABLE_MODULES = YES;
				CLANG_ENABLE_OBJC_ARC = YES;
				CLANG_WARN_BOOL_CONVERSION = YES;
				CLANG_WARN_CONSTANT_CONVERSION = YES;
				CLANG_WARN_DIRECT_OBJC_ISA_USAGE = YES_ERROR;
				CLANG_WARN_EMPTY_BODY = YES;
				CLANG_WARN_ENUM_CONVERSION = YES;
				CLANG_WARN_INT_CONVERSION = YES;
				CLANG_WARN_OBJC_ROOT_CLASS = YES_ERROR;
				CLANG_WARN_UNREACHABLE_CODE = YES;
				CLANG_WARN__DUPLICATE_METHOD_MATCH = YES;
				"CODE_SIGN_IDENTITY[sdk=iphoneos*]" = "iPhone Developer";
				COPY_PHASE_STRIP = YES;
				ENABLE_NS_ASSERTIONS = NO;
				ENABLE_STRICT_OBJC_MSGSEND = YES;
				GCC_C_LANGUAGE_STANDARD = gnu99;
				GCC_WARN_64_TO_32_BIT_CONVERSION = YES;
				GCC_WARN_ABOUT_RETURN_TYPE = YES_ERROR;
				GCC_WARN_UNDECLARED_SELECTOR = YES;
				GCC_WARN_UNINITIALIZED_AUTOS = YES_AGGRESSIVE;
				GCC_WARN_UNUSED_FUNCTION = YES;
				GCC_WARN_UNUSED_VARIABLE = YES;
				IPHONEOS_DEPLOYMENT_TARGET = 8.1;
				MTL_ENABLE_DEBUG_INFO = NO;
				SDKROOT = iphoneos;
				TARGETED_DEVICE_FAMILY = "1,2";
				VALIDATE_PRODUCT = YES;
			};
			name = Release;
		};
		3E822DE31AA1E7DD0057DD1E /* Debug */ = {
			isa = XCBuildConfiguration;
			buildSettings = {
				ASSETCATALOG_COMPILER_APPICON_NAME = AppIcon;
				INFOPLIST_FILE = "Whats The Weather/Info.plist";
				LD_RUNPATH_SEARCH_PATHS = "$(inherited) @executable_path/Frameworks";
				PRODUCT_NAME = "$(TARGET_NAME)";
			};
			name = Debug;
		};
		3E822DE41AA1E7DD0057DD1E /* Release */ = {
			isa = XCBuildConfiguration;
			buildSettings = {
				ASSETCATALOG_COMPILER_APPICON_NAME = AppIcon;
				INFOPLIST_FILE = "Whats The Weather/Info.plist";
				LD_RUNPATH_SEARCH_PATHS = "$(inherited) @executable_path/Frameworks";
				PRODUCT_NAME = "$(TARGET_NAME)";
			};
			name = Release;
		};
		3E822DE61AA1E7DD0057DD1E /* Debug */ = {
			isa = XCBuildConfiguration;
			buildSettings = {
				BUNDLE_LOADER = "$(TEST_HOST)";
				FRAMEWORK_SEARCH_PATHS = (
					"$(SDKROOT)/Developer/Library/Frameworks",
					"$(inherited)",
				);
				GCC_PREPROCESSOR_DEFINITIONS = (
					"DEBUG=1",
					"$(inherited)",
				);
				INFOPLIST_FILE = "Whats The WeatherTests/Info.plist";
				LD_RUNPATH_SEARCH_PATHS = "$(inherited) @executable_path/Frameworks @loader_path/Frameworks";
				PRODUCT_NAME = "$(TARGET_NAME)";
				TEST_HOST = "$(BUILT_PRODUCTS_DIR)/Whats The Weather.app/Whats The Weather";
			};
			name = Debug;
		};
		3E822DE71AA1E7DD0057DD1E /* Release */ = {
			isa = XCBuildConfiguration;
			buildSettings = {
				BUNDLE_LOADER = "$(TEST_HOST)";
				FRAMEWORK_SEARCH_PATHS = (
					"$(SDKROOT)/Developer/Library/Frameworks",
					"$(inherited)",
				);
				INFOPLIST_FILE = "Whats The WeatherTests/Info.plist";
				LD_RUNPATH_SEARCH_PATHS = "$(inherited) @executable_path/Frameworks @loader_path/Frameworks";
				PRODUCT_NAME = "$(TARGET_NAME)";
				TEST_HOST = "$(BUILT_PRODUCTS_DIR)/Whats The Weather.app/Whats The Weather";
			};
			name = Release;
		};
/* End XCBuildConfiguration section */

/* Begin XCConfigurationList section */
		3E822DBE1AA1E7DD0057DD1E /* Build configuration list for PBXProject "Whats The Weather" */ = {
			isa = XCConfigurationList;
			buildConfigurations = (
				3E822DE01AA1E7DD0057DD1E /* Debug */,
				3E822DE11AA1E7DD0057DD1E /* Release */,
			);
			defaultConfigurationIsVisible = 0;
			defaultConfigurationName = Release;
		};
		3E822DE21AA1E7DD0057DD1E /* Build configuration list for PBXNativeTarget "Whats The Weather" */ = {
			isa = XCConfigurationList;
			buildConfigurations = (
				3E822DE31AA1E7DD0057DD1E /* Debug */,
				3E822DE41AA1E7DD0057DD1E /* Release */,
			);
			defaultConfigurationIsVisible = 0;
		};
		3E822DE51AA1E7DD0057DD1E /* Build configuration list for PBXNativeTarget "Whats The WeatherTests" */ = {
			isa = XCConfigurationList;
			buildConfigurations = (
				3E822DE61AA1E7DD0057DD1E /* Debug */,
				3E822DE71AA1E7DD0057DD1E /* Release */,
			);
			defaultConfigurationIsVisible = 0;
		};
/* End XCConfigurationList section */
	};
	rootObject = 3E822DBB1AA1E7DD0057DD1E /* Project object */;
}
